// !$*UTF8*$!
{
	archiveVersion = 1;
	classes = {
	};
	objectVersion = 50;
	objects = {

/* Begin PBXBuildFile section */
		DE34884725CEE2F400FDA8D2 /* AppDelegate.swift in Sources */ = {isa = PBXBuildFile; fileRef = DE34884625CEE2F400FDA8D2 /* AppDelegate.swift */; };
		DE34884925CEE2F400FDA8D2 /* SceneDelegate.swift in Sources */ = {isa = PBXBuildFile; fileRef = DE34884825CEE2F400FDA8D2 /* SceneDelegate.swift */; };
		DE34884B25CEE2F400FDA8D2 /* ViewController.swift in Sources */ = {isa = PBXBuildFile; fileRef = DE34884A25CEE2F400FDA8D2 /* ViewController.swift */; };
		DE34884E25CEE2F400FDA8D2 /* Main.storyboard in Resources */ = {isa = PBXBuildFile; fileRef = DE34884C25CEE2F400FDA8D2 /* Main.storyboard */; };
		DE34885025CEE2F600FDA8D2 /* Assets.xcassets in Resources */ = {isa = PBXBuildFile; fileRef = DE34884F25CEE2F600FDA8D2 /* Assets.xcassets */; };
		DE34885325CEE2F600FDA8D2 /* LaunchScreen.storyboard in Resources */ = {isa = PBXBuildFile; fileRef = DE34885125CEE2F600FDA8D2 /* LaunchScreen.storyboard */; };
		DE34886225CEE3DD00FDA8D2 /* KeyboardViewController.swift in Sources */ = {isa = PBXBuildFile; fileRef = DE34886125CEE3DD00FDA8D2 /* KeyboardViewController.swift */; };
		DE34886625CEE3DD00FDA8D2 /* Hodor.appex in Embed App Extensions */ = {isa = PBXBuildFile; fileRef = DE34885F25CEE3DD00FDA8D2 /* Hodor.appex */; settings = {ATTRIBUTES = (RemoveHeadersOnCopy, ); }; };
		DE34886E25CEE5A500FDA8D2 /* hodor.png in Resources */ = {isa = PBXBuildFile; fileRef = DE34886D25CEE5A500FDA8D2 /* hodor.png */; };
/* End PBXBuildFile section */

/* Begin PBXContainerItemProxy section */
		DE34886425CEE3DD00FDA8D2 /* PBXContainerItemProxy */ = {
			isa = PBXContainerItemProxy;
			containerPortal = DE34883B25CEE2F400FDA8D2 /* Project object */;
			proxyType = 1;
			remoteGlobalIDString = DE34885E25CEE3DD00FDA8D2;
			remoteInfo = Hodor;
		};
/* End PBXContainerItemProxy section */

/* Begin PBXCopyFilesBuildPhase section */
		DE34886A25CEE3DD00FDA8D2 /* Embed App Extensions */ = {
			isa = PBXCopyFilesBuildPhase;
			buildActionMask = 2147483647;
			dstPath = "";
			dstSubfolderSpec = 13;
			files = (
				DE34886625CEE3DD00FDA8D2 /* Hodor.appex in Embed App Extensions */,
			);
			name = "Embed App Extensions";
			runOnlyForDeploymentPostprocessing = 0;
		};
/* End PBXCopyFilesBuildPhase section */

/* Begin PBXFileReference section */
		DE34884325CEE2F400FDA8D2 /* HodorKeyboard.app */ = {isa = PBXFileReference; explicitFileType = wrapper.application; includeInIndex = 0; path = HodorKeyboard.app; sourceTree = BUILT_PRODUCTS_DIR; };
		DE34884625CEE2F400FDA8D2 /* AppDelegate.swift */ = {isa = PBXFileReference; lastKnownFileType = sourcecode.swift; path = AppDelegate.swift; sourceTree = "<group>"; };
		DE34884825CEE2F400FDA8D2 /* SceneDelegate.swift */ = {isa = PBXFileReference; lastKnownFileType = sourcecode.swift; path = SceneDelegate.swift; sourceTree = "<group>"; };
		DE34884A25CEE2F400FDA8D2 /* ViewController.swift */ = {isa = PBXFileReference; lastKnownFileType = sourcecode.swift; path = ViewController.swift; sourceTree = "<group>"; };
		DE34884D25CEE2F400FDA8D2 /* Base */ = {isa = PBXFileReference; lastKnownFileType = file.storyboard; name = Base; path = Base.lproj/Main.storyboard; sourceTree = "<group>"; };
		DE34884F25CEE2F600FDA8D2 /* Assets.xcassets */ = {isa = PBXFileReference; lastKnownFileType = folder.assetcatalog; path = Assets.xcassets; sourceTree = "<group>"; };
		DE34885225CEE2F600FDA8D2 /* Base */ = {isa = PBXFileReference; lastKnownFileType = file.storyboard; name = Base; path = Base.lproj/LaunchScreen.storyboard; sourceTree = "<group>"; };
		DE34885425CEE2F600FDA8D2 /* Info.plist */ = {isa = PBXFileReference; lastKnownFileType = text.plist.xml; path = Info.plist; sourceTree = "<group>"; };
		DE34885F25CEE3DD00FDA8D2 /* Hodor.appex */ = {isa = PBXFileReference; explicitFileType = "wrapper.app-extension"; includeInIndex = 0; path = Hodor.appex; sourceTree = BUILT_PRODUCTS_DIR; };
		DE34886125CEE3DD00FDA8D2 /* KeyboardViewController.swift */ = {isa = PBXFileReference; lastKnownFileType = sourcecode.swift; path = KeyboardViewController.swift; sourceTree = "<group>"; };
		DE34886325CEE3DD00FDA8D2 /* Info.plist */ = {isa = PBXFileReference; lastKnownFileType = text.plist.xml; path = Info.plist; sourceTree = "<group>"; };
		DE34886D25CEE5A500FDA8D2 /* hodor.png */ = {isa = PBXFileReference; lastKnownFileType = image.png; path = hodor.png; sourceTree = "<group>"; };
/* End PBXFileReference section */

/* Begin PBXFrameworksBuildPhase section */
		DE34884025CEE2F400FDA8D2 /* Frameworks */ = {
			isa = PBXFrameworksBuildPhase;
			buildActionMask = 2147483647;
			files = (
			);
			runOnlyForDeploymentPostprocessing = 0;
		};
		DE34885C25CEE3DD00FDA8D2 /* Frameworks */ = {
			isa = PBXFrameworksBuildPhase;
			buildActionMask = 2147483647;
			files = (
			);
			runOnlyForDeploymentPostprocessing = 0;
		};
/* End PBXFrameworksBuildPhase section */

/* Begin PBXGroup section */
		DE34883A25CEE2F400FDA8D2 = {
			isa = PBXGroup;
			children = (
				DE34884525CEE2F400FDA8D2 /* HodorKeyboard */,
				DE34886025CEE3DD00FDA8D2 /* Hodor */,
				DE34884425CEE2F400FDA8D2 /* Products */,
			);
			sourceTree = "<group>";
		};
		DE34884425CEE2F400FDA8D2 /* Products */ = {
			isa = PBXGroup;
			children = (
				DE34884325CEE2F400FDA8D2 /* HodorKeyboard.app */,
				DE34885F25CEE3DD00FDA8D2 /* Hodor.appex */,
			);
			name = Products;
			sourceTree = "<group>";
		};
		DE34884525CEE2F400FDA8D2 /* HodorKeyboard */ = {
			isa = PBXGroup;
			children = (
				DE34884625CEE2F400FDA8D2 /* AppDelegate.swift */,
				DE34884825CEE2F400FDA8D2 /* SceneDelegate.swift */,
				DE34884A25CEE2F400FDA8D2 /* ViewController.swift */,
				DE34884C25CEE2F400FDA8D2 /* Main.storyboard */,
				DE34884F25CEE2F600FDA8D2 /* Assets.xcassets */,
				DE34885125CEE2F600FDA8D2 /* LaunchScreen.storyboard */,
				DE34885425CEE2F600FDA8D2 /* Info.plist */,
			);
			path = HodorKeyboard;
			sourceTree = "<group>";
		};
		DE34886025CEE3DD00FDA8D2 /* Hodor */ = {
			isa = PBXGroup;
			children = (
				DE34886D25CEE5A500FDA8D2 /* hodor.png */,
				DE34886125CEE3DD00FDA8D2 /* KeyboardViewController.swift */,
				DE34886325CEE3DD00FDA8D2 /* Info.plist */,
			);
			path = Hodor;
			sourceTree = "<group>";
		};
/* End PBXGroup section */

/* Begin PBXNativeTarget section */
		DE34884225CEE2F400FDA8D2 /* HodorKeyboard */ = {
			isa = PBXNativeTarget;
			buildConfigurationList = DE34885725CEE2F600FDA8D2 /* Build configuration list for PBXNativeTarget "HodorKeyboard" */;
			buildPhases = (
				DE34883F25CEE2F400FDA8D2 /* Sources */,
				DE34884025CEE2F400FDA8D2 /* Frameworks */,
				DE34884125CEE2F400FDA8D2 /* Resources */,
				DE34886A25CEE3DD00FDA8D2 /* Embed App Extensions */,
			);
			buildRules = (
			);
			dependencies = (
				DE34886525CEE3DD00FDA8D2 /* PBXTargetDependency */,
			);
			name = HodorKeyboard;
			productName = HodorKeyboard;
			productReference = DE34884325CEE2F400FDA8D2 /* HodorKeyboard.app */;
			productType = "com.apple.product-type.application";
		};
		DE34885E25CEE3DD00FDA8D2 /* Hodor */ = {
			isa = PBXNativeTarget;
			buildConfigurationList = DE34886725CEE3DD00FDA8D2 /* Build configuration list for PBXNativeTarget "Hodor" */;
			buildPhases = (
				DE34885B25CEE3DD00FDA8D2 /* Sources */,
				DE34885C25CEE3DD00FDA8D2 /* Frameworks */,
				DE34885D25CEE3DD00FDA8D2 /* Resources */,
			);
			buildRules = (
			);
			dependencies = (
			);
			name = Hodor;
			productName = Hodor;
			productReference = DE34885F25CEE3DD00FDA8D2 /* Hodor.appex */;
			productType = "com.apple.product-type.app-extension";
		};
/* End PBXNativeTarget section */

/* Begin PBXProject section */
		DE34883B25CEE2F400FDA8D2 /* Project object */ = {
			isa = PBXProject;
			attributes = {
				LastSwiftUpdateCheck = 1230;
				LastUpgradeCheck = 1230;
				TargetAttributes = {
					DE34884225CEE2F400FDA8D2 = {
						CreatedOnToolsVersion = 12.3;
					};
					DE34885E25CEE3DD00FDA8D2 = {
						CreatedOnToolsVersion = 12.3;
					};
				};
			};
			buildConfigurationList = DE34883E25CEE2F400FDA8D2 /* Build configuration list for PBXProject "HodorKeyboard" */;
			compatibilityVersion = "Xcode 9.3";
			developmentRegion = en;
			hasScannedForEncodings = 0;
			knownRegions = (
				en,
				Base,
			);
			mainGroup = DE34883A25CEE2F400FDA8D2;
			productRefGroup = DE34884425CEE2F400FDA8D2 /* Products */;
			projectDirPath = "";
			projectRoot = "";
			targets = (
				DE34884225CEE2F400FDA8D2 /* HodorKeyboard */,
				DE34885E25CEE3DD00FDA8D2 /* Hodor */,
			);
		};
/* End PBXProject section */

/* Begin PBXResourcesBuildPhase section */
		DE34884125CEE2F400FDA8D2 /* Resources */ = {
			isa = PBXResourcesBuildPhase;
			buildActionMask = 2147483647;
			files = (
				DE34885325CEE2F600FDA8D2 /* LaunchScreen.storyboard in Resources */,
				DE34885025CEE2F600FDA8D2 /* Assets.xcassets in Resources */,
				DE34884E25CEE2F400FDA8D2 /* Main.storyboard in Resources */,
			);
			runOnlyForDeploymentPostprocessing = 0;
		};
		DE34885D25CEE3DD00FDA8D2 /* Resources */ = {
			isa = PBXResourcesBuildPhase;
			buildActionMask = 2147483647;
			files = (
				DE34886E25CEE5A500FDA8D2 /* hodor.png in Resources */,
			);
			runOnlyForDeploymentPostprocessing = 0;
		};
/* End PBXResourcesBuildPhase section */

/* Begin PBXSourcesBuildPhase section */
		DE34883F25CEE2F400FDA8D2 /* Sources */ = {
			isa = PBXSourcesBuildPhase;
			buildActionMask = 2147483647;
			files = (
				DE34884B25CEE2F400FDA8D2 /* ViewController.swift in Sources */,
				DE34884725CEE2F400FDA8D2 /* AppDelegate.swift in Sources */,
				DE34884925CEE2F400FDA8D2 /* SceneDelegate.swift in Sources */,
			);
			runOnlyForDeploymentPostprocessing = 0;
		};
		DE34885B25CEE3DD00FDA8D2 /* Sources */ = {
			isa = PBXSourcesBuildPhase;
			buildActionMask = 2147483647;
			files = (
				DE34886225CEE3DD00FDA8D2 /* KeyboardViewController.swift in Sources */,
			);
			runOnlyForDeploymentPostprocessing = 0;
		};
/* End PBXSourcesBuildPhase section */

/* Begin PBXTargetDependency section */
		DE34886525CEE3DD00FDA8D2 /* PBXTargetDependency */ = {
			isa = PBXTargetDependency;
			target = DE34885E25CEE3DD00FDA8D2 /* Hodor */;
			targetProxy = DE34886425CEE3DD00FDA8D2 /* PBXContainerItemProxy */;
		};
/* End PBXTargetDependency section */

/* Begin PBXVariantGroup section */
		DE34884C25CEE2F400FDA8D2 /* Main.storyboard */ = {
			isa = PBXVariantGroup;
			children = (
				DE34884D25CEE2F400FDA8D2 /* Base */,
			);
			name = Main.storyboard;
			sourceTree = "<group>";
		};
		DE34885125CEE2F600FDA8D2 /* LaunchScreen.storyboard */ = {
			isa = PBXVariantGroup;
			children = (
				DE34885225CEE2F600FDA8D2 /* Base */,
			);
			name = LaunchScreen.storyboard;
			sourceTree = "<group>";
		};
/* End PBXVariantGroup section */

/* Begin XCBuildConfiguration section */
		DE34885525CEE2F600FDA8D2 /* Debug */ = {
			isa = XCBuildConfiguration;
			buildSettings = {
				ALWAYS_SEARCH_USER_PATHS = NO;
				CLANG_ANALYZER_NONNULL = YES;
				CLANG_ANALYZER_NUMBER_OBJECT_CONVERSION = YES_AGGRESSIVE;
				CLANG_CXX_LANGUAGE_STANDARD = "gnu++14";
				CLANG_CXX_LIBRARY = "libc++";
				CLANG_ENABLE_MODULES = YES;
				CLANG_ENABLE_OBJC_ARC = YES;
				CLANG_ENABLE_OBJC_WEAK = YES;
				CLANG_WARN_BLOCK_CAPTURE_AUTORELEASING = YES;
				CLANG_WARN_BOOL_CONVERSION = YES;
				CLANG_WARN_COMMA = YES;
				CLANG_WARN_CONSTANT_CONVERSION = YES;
				CLANG_WARN_DEPRECATED_OBJC_IMPLEMENTATIONS = YES;
				CLANG_WARN_DIRECT_OBJC_ISA_USAGE = YES_ERROR;
				CLANG_WARN_DOCUMENTATION_COMMENTS = YES;
				CLANG_WARN_EMPTY_BODY = YES;
				CLANG_WARN_ENUM_CONVERSION = YES;
				CLANG_WARN_INFINITE_RECURSION = YES;
				CLANG_WARN_INT_CONVERSION = YES;
				CLANG_WARN_NON_LITERAL_NULL_CONVERSION = YES;
				CLANG_WARN_OBJC_IMPLICIT_RETAIN_SELF = YES;
				CLANG_WARN_OBJC_LITERAL_CONVERSION = YES;
				CLANG_WARN_OBJC_ROOT_CLASS = YES_ERROR;
				CLANG_WARN_QUOTED_INCLUDE_IN_FRAMEWORK_HEADER = YES;
				CLANG_WARN_RANGE_LOOP_ANALYSIS = YES;
				CLANG_WARN_STRICT_PROTOTYPES = YES;
				CLANG_WARN_SUSPICIOUS_MOVE = YES;
				CLANG_WARN_UNGUARDED_AVAILABILITY = YES_AGGRESSIVE;
				CLANG_WARN_UNREACHABLE_CODE = YES;
				CLANG_WARN__DUPLICATE_METHOD_MATCH = YES;
				COPY_PHASE_STRIP = NO;
				DEBUG_INFORMATION_FORMAT = dwarf;
				ENABLE_STRICT_OBJC_MSGSEND = YES;
				ENABLE_TESTABILITY = YES;
				GCC_C_LANGUAGE_STANDARD = gnu11;
				GCC_DYNAMIC_NO_PIC = NO;
				GCC_NO_COMMON_BLOCKS = YES;
				GCC_OPTIMIZATION_LEVEL = 0;
				GCC_PREPROCESSOR_DEFINITIONS = (
					"DEBUG=1",
					"$(inherited)",
				);
				GCC_WARN_64_TO_32_BIT_CONVERSION = YES;
				GCC_WARN_ABOUT_RETURN_TYPE = YES_ERROR;
				GCC_WARN_UNDECLARED_SELECTOR = YES;
				GCC_WARN_UNINITIALIZED_AUTOS = YES_AGGRESSIVE;
				GCC_WARN_UNUSED_FUNCTION = YES;
				GCC_WARN_UNUSED_VARIABLE = YES;
				IPHONEOS_DEPLOYMENT_TARGET = 14.3;
				MTL_ENABLE_DEBUG_INFO = INCLUDE_SOURCE;
				MTL_FAST_MATH = YES;
				ONLY_ACTIVE_ARCH = YES;
				SDKROOT = iphoneos;
				SWIFT_ACTIVE_COMPILATION_CONDITIONS = DEBUG;
				SWIFT_OPTIMIZATION_LEVEL = "-Onone";
			};
			name = Debug;
		};
		DE34885625CEE2F600FDA8D2 /* Release */ = {
			isa = XCBuildConfiguration;
			buildSettings = {
				ALWAYS_SEARCH_USER_PATHS = NO;
				CLANG_ANALYZER_NONNULL = YES;
				CLANG_ANALYZER_NUMBER_OBJECT_CONVERSION = YES_AGGRESSIVE;
				CLANG_CXX_LANGUAGE_STANDARD = "gnu++14";
				CLANG_CXX_LIBRARY = "libc++";
				CLANG_ENABLE_MODULES = YES;
				CLANG_ENABLE_OBJC_ARC = YES;
				CLANG_ENABLE_OBJC_WEAK = YES;
				CLANG_WARN_BLOCK_CAPTURE_AUTORELEASING = YES;
				CLANG_WARN_BOOL_CONVERSION = YES;
				CLANG_WARN_COMMA = YES;
				CLANG_WARN_CONSTANT_CONVERSION = YES;
				CLANG_WARN_DEPRECATED_OBJC_IMPLEMENTATIONS = YES;
				CLANG_WARN_DIRECT_OBJC_ISA_USAGE = YES_ERROR;
				CLANG_WARN_DOCUMENTATION_COMMENTS = YES;
				CLANG_WARN_EMPTY_BODY = YES;
				CLANG_WARN_ENUM_CONVERSION = YES;
				CLANG_WARN_INFINITE_RECURSION = YES;
				CLANG_WARN_INT_CONVERSION = YES;
				CLANG_WARN_NON_LITERAL_NULL_CONVERSION = YES;
				CLANG_WARN_OBJC_IMPLICIT_RETAIN_SELF = YES;
				CLANG_WARN_OBJC_LITERAL_CONVERSION = YES;
				CLANG_WARN_OBJC_ROOT_CLASS = YES_ERROR;
				CLANG_WARN_QUOTED_INCLUDE_IN_FRAMEWORK_HEADER = YES;
				CLANG_WARN_RANGE_LOOP_ANALYSIS = YES;
				CLANG_WARN_STRICT_PROTOTYPES = YES;
				CLANG_WARN_SUSPICIOUS_MOVE = YES;
				CLANG_WARN_UNGUARDED_AVAILABILITY = YES_AGGRESSIVE;
				CLANG_WARN_UNREACHABLE_CODE = YES;
				CLANG_WARN__DUPLICATE_METHOD_MATCH = YES;
				COPY_PHASE_STRIP = NO;
				DEBUG_INFORMATION_FORMAT = "dwarf-with-dsym";
				ENABLE_NS_ASSERTIONS = NO;
				ENABLE_STRICT_OBJC_MSGSEND = YES;
				GCC_C_LANGUAGE_STANDARD = gnu11;
				GCC_NO_COMMON_BLOCKS = YES;
				GCC_WARN_64_TO_32_BIT_CONVERSION = YES;
				GCC_WARN_ABOUT_RETURN_TYPE = YES_ERROR;
				GCC_WARN_UNDECLARED_SELECTOR = YES;
				GCC_WARN_UNINITIALIZED_AUTOS = YES_AGGRESSIVE;
				GCC_WARN_UNUSED_FUNCTION = YES;
				GCC_WARN_UNUSED_VARIABLE = YES;
				IPHONEOS_DEPLOYMENT_TARGET = 14.3;
				MTL_ENABLE_DEBUG_INFO = NO;
				MTL_FAST_MATH = YES;
				SDKROOT = iphoneos;
				SWIFT_COMPILATION_MODE = wholemodule;
				SWIFT_OPTIMIZATION_LEVEL = "-O";
				VALIDATE_PRODUCT = YES;
			};
			name = Release;
		};
		DE34885825CEE2F600FDA8D2 /* Debug */ = {
			isa = XCBuildConfiguration;
			buildSettings = {
				ALWAYS_EMBED_SWIFT_STANDARD_LIBRARIES = YES;
				ASSETCATALOG_COMPILER_APPICON_NAME = AppIcon;
				ASSETCATALOG_COMPILER_GLOBAL_ACCENT_COLOR_NAME = AccentColor;
				CODE_SIGN_STYLE = Automatic;
				DEVELOPMENT_TEAM = 7UTB6LU2LV;
				INFOPLIST_FILE = HodorKeyboard/Info.plist;
				LD_RUNPATH_SEARCH_PATHS = (
					"$(inherited)",
					"@executable_path/Frameworks",
				);
				PRODUCT_BUNDLE_IDENTIFIER = com.calidustech.HodorKeyboard;
				PRODUCT_NAME = "$(TARGET_NAME)";
				SWIFT_VERSION = 5.0;
				TARGETED_DEVICE_FAMILY = "1,2";
			};
			name = Debug;
		};
		DE34885925CEE2F600FDA8D2 /* Release */ = {
			isa = XCBuildConfiguration;
			buildSettings = {
				ALWAYS_EMBED_SWIFT_STANDARD_LIBRARIES = YES;
				ASSETCATALOG_COMPILER_APPICON_NAME = AppIcon;
				ASSETCATALOG_COMPILER_GLOBAL_ACCENT_COLOR_NAME = AccentColor;
				CODE_SIGN_STYLE = Automatic;
				DEVELOPMENT_TEAM = 7UTB6LU2LV;
				INFOPLIST_FILE = HodorKeyboard/Info.plist;
				LD_RUNPATH_SEARCH_PATHS = (
					"$(inherited)",
					"@executable_path/Frameworks",
				);
				PRODUCT_BUNDLE_IDENTIFIER = com.calidustech.HodorKeyboard;
				PRODUCT_NAME = "$(TARGET_NAME)";
				SWIFT_VERSION = 5.0;
				TARGETED_DEVICE_FAMILY = "1,2";
			};
			name = Release;
		};
		DE34886825CEE3DD00FDA8D2 /* Debug */ = {
			isa = XCBuildConfiguration;
			buildSettings = {
				CODE_SIGN_STYLE = Automatic;
				DEVELOPMENT_TEAM = 7UTB6LU2LV;
				INFOPLIST_FILE = Hodor/Info.plist;
				LD_RUNPATH_SEARCH_PATHS = (
					"$(inherited)",
					"@executable_path/Frameworks",
					"@executable_path/../../Frameworks",
				);
				PRODUCT_BUNDLE_IDENTIFIER = com.calidustech.HodorKeyboard.Hodor;
				PRODUCT_NAME = "$(TARGET_NAME)";
				SKIP_INSTALL = YES;
				SWIFT_VERSION = 5.0;
				TARGETED_DEVICE_FAMILY = "1,2";
			};
			name = Debug;
		};
		DE34886925CEE3DD00FDA8D2 /* Release */ = {
			isa = XCBuildConfiguration;
			buildSettings = {
				CODE_SIGN_STYLE = Automatic;
				DEVELOPMENT_TEAM = 7UTB6LU2LV;
				INFOPLIST_FILE = Hodor/Info.plist;
				LD_RUNPATH_SEARCH_PATHS = (
					"$(inherited)",
					"@executable_path/Frameworks",
					"@executable_path/../../Frameworks",
				);
				PRODUCT_BUNDLE_IDENTIFIER = com.calidustech.HodorKeyboard.Hodor;
				PRODUCT_NAME = "$(TARGET_NAME)";
				SKIP_INSTALL = YES;
				SWIFT_VERSION = 5.0;
				TARGETED_DEVICE_FAMILY = "1,2";
			};
			name = Release;
		};
/* End XCBuildConfiguration section */

/* Begin XCConfigurationList section */
		DE34883E25CEE2F400FDA8D2 /* Build configuration list for PBXProject "HodorKeyboard" */ = {
			isa = XCConfigurationList;
			buildConfigurations = (
				DE34885525CEE2F600FDA8D2 /* Debug */,
				DE34885625CEE2F600FDA8D2 /* Release */,
			);
			defaultConfigurationIsVisible = 0;
			defaultConfigurationName = Release;
		};
		DE34885725CEE2F600FDA8D2 /* Build configuration list for PBXNativeTarget "HodorKeyboard" */ = {
			isa = XCConfigurationList;
			buildConfigurations = (
				DE34885825CEE2F600FDA8D2 /* Debug */,
				DE34885925CEE2F600FDA8D2 /* Release */,
			);
			defaultConfigurationIsVisible = 0;
			defaultConfigurationName = Release;
		};
		DE34886725CEE3DD00FDA8D2 /* Build configuration list for PBXNativeTarget "Hodor" */ = {
			isa = XCConfigurationList;
			buildConfigurations = (
				DE34886825CEE3DD00FDA8D2 /* Debug */,
				DE34886925CEE3DD00FDA8D2 /* Release */,
			);
			defaultConfigurationIsVisible = 0;
			defaultConfigurationName = Release;
		};
/* End XCConfigurationList section */
	};
	rootObject = DE34883B25CEE2F400FDA8D2 /* Project object */;
}
