// !$*UTF8*$!
{
	archiveVersion = 1;
	classes = {
	};
	objectVersion = 50;
	objects = {

/* Begin PBXBuildFile section */
		DEDF4F0725CE8EA7007ED035 /* AppDelegate.swift in Sources */ = {isa = PBXBuildFile; fileRef = DEDF4F0625CE8EA7007ED035 /* AppDelegate.swift */; };
		DEDF4F0925CE8EA7007ED035 /* SceneDelegate.swift in Sources */ = {isa = PBXBuildFile; fileRef = DEDF4F0825CE8EA7007ED035 /* SceneDelegate.swift */; };
		DEDF4F0B25CE8EA7007ED035 /* ViewController.swift in Sources */ = {isa = PBXBuildFile; fileRef = DEDF4F0A25CE8EA7007ED035 /* ViewController.swift */; };
		DEDF4F0E25CE8EA7007ED035 /* Main.storyboard in Resources */ = {isa = PBXBuildFile; fileRef = DEDF4F0C25CE8EA7007ED035 /* Main.storyboard */; };
		DEDF4F1125CE8EA7007ED035 /* TravelBook.xcdatamodeld in Sources */ = {isa = PBXBuildFile; fileRef = DEDF4F0F25CE8EA7007ED035 /* TravelBook.xcdatamodeld */; };
		DEDF4F1325CE8EA9007ED035 /* Assets.xcassets in Resources */ = {isa = PBXBuildFile; fileRef = DEDF4F1225CE8EA9007ED035 /* Assets.xcassets */; };
		DEDF4F1625CE8EA9007ED035 /* LaunchScreen.storyboard in Resources */ = {isa = PBXBuildFile; fileRef = DEDF4F1425CE8EA9007ED035 /* LaunchScreen.storyboard */; };
		DEDF4F1F25CE9E3E007ED035 /* ListViewController.swift in Sources */ = {isa = PBXBuildFile; fileRef = DEDF4F1E25CE9E3E007ED035 /* ListViewController.swift */; };
/* End PBXBuildFile section */

/* Begin PBXFileReference section */
		DEDF4F0325CE8EA7007ED035 /* TravelBook.app */ = {isa = PBXFileReference; explicitFileType = wrapper.application; includeInIndex = 0; path = TravelBook.app; sourceTree = BUILT_PRODUCTS_DIR; };
		DEDF4F0625CE8EA7007ED035 /* AppDelegate.swift */ = {isa = PBXFileReference; lastKnownFileType = sourcecode.swift; path = AppDelegate.swift; sourceTree = "<group>"; };
		DEDF4F0825CE8EA7007ED035 /* SceneDelegate.swift */ = {isa = PBXFileReference; lastKnownFileType = sourcecode.swift; path = SceneDelegate.swift; sourceTree = "<group>"; };
		DEDF4F0A25CE8EA7007ED035 /* ViewController.swift */ = {isa = PBXFileReference; lastKnownFileType = sourcecode.swift; path = ViewController.swift; sourceTree = "<group>"; };
		DEDF4F0D25CE8EA7007ED035 /* Base */ = {isa = PBXFileReference; lastKnownFileType = file.storyboard; name = Base; path = Base.lproj/Main.storyboard; sourceTree = "<group>"; };
		DEDF4F1025CE8EA7007ED035 /* TravelBook.xcdatamodel */ = {isa = PBXFileReference; lastKnownFileType = wrapper.xcdatamodel; path = TravelBook.xcdatamodel; sourceTree = "<group>"; };
		DEDF4F1225CE8EA9007ED035 /* Assets.xcassets */ = {isa = PBXFileReference; lastKnownFileType = folder.assetcatalog; path = Assets.xcassets; sourceTree = "<group>"; };
		DEDF4F1525CE8EA9007ED035 /* Base */ = {isa = PBXFileReference; lastKnownFileType = file.storyboard; name = Base; path = Base.lproj/LaunchScreen.storyboard; sourceTree = "<group>"; };
		DEDF4F1725CE8EA9007ED035 /* Info.plist */ = {isa = PBXFileReference; lastKnownFileType = text.plist.xml; path = Info.plist; sourceTree = "<group>"; };
		DEDF4F1E25CE9E3E007ED035 /* ListViewController.swift */ = {isa = PBXFileReference; lastKnownFileType = sourcecode.swift; path = ListViewController.swift; sourceTree = "<group>"; };
/* End PBXFileReference section */

/* Begin PBXFrameworksBuildPhase section */
		DEDF4F0025CE8EA7007ED035 /* Frameworks */ = {
			isa = PBXFrameworksBuildPhase;
			buildActionMask = 2147483647;
			files = (
			);
			runOnlyForDeploymentPostprocessing = 0;
		};
/* End PBXFrameworksBuildPhase section */

/* Begin PBXGroup section */
		DEDF4EFA25CE8EA7007ED035 = {
			isa = PBXGroup;
			children = (
				DEDF4F0525CE8EA7007ED035 /* TravelBook */,
				DEDF4F0425CE8EA7007ED035 /* Products */,
			);
			sourceTree = "<group>";
		};
		DEDF4F0425CE8EA7007ED035 /* Products */ = {
			isa = PBXGroup;
			children = (
				DEDF4F0325CE8EA7007ED035 /* TravelBook.app */,
			);
			name = Products;
			sourceTree = "<group>";
		};
		DEDF4F0525CE8EA7007ED035 /* TravelBook */ = {
			isa = PBXGroup;
			children = (
				DEDF4F0625CE8EA7007ED035 /* AppDelegate.swift */,
				DEDF4F0825CE8EA7007ED035 /* SceneDelegate.swift */,
				DEDF4F0A25CE8EA7007ED035 /* ViewController.swift */,
				DEDF4F0C25CE8EA7007ED035 /* Main.storyboard */,
				DEDF4F1225CE8EA9007ED035 /* Assets.xcassets */,
				DEDF4F1425CE8EA9007ED035 /* LaunchScreen.storyboard */,
				DEDF4F1725CE8EA9007ED035 /* Info.plist */,
				DEDF4F0F25CE8EA7007ED035 /* TravelBook.xcdatamodeld */,
				DEDF4F1E25CE9E3E007ED035 /* ListViewController.swift */,
			);
			path = TravelBook;
			sourceTree = "<group>";
		};
/* End PBXGroup section */

/* Begin PBXNativeTarget section */
		DEDF4F0225CE8EA7007ED035 /* TravelBook */ = {
			isa = PBXNativeTarget;
			buildConfigurationList = DEDF4F1A25CE8EA9007ED035 /* Build configuration list for PBXNativeTarget "TravelBook" */;
			buildPhases = (
				DEDF4EFF25CE8EA7007ED035 /* Sources */,
				DEDF4F0025CE8EA7007ED035 /* Frameworks */,
				DEDF4F0125CE8EA7007ED035 /* Resources */,
			);
			buildRules = (
			);
			dependencies = (
			);
			name = TravelBook;
			productName = TravelBook;
			productReference = DEDF4F0325CE8EA7007ED035 /* TravelBook.app */;
			productType = "com.apple.product-type.application";
		};
/* End PBXNativeTarget section */

/* Begin PBXProject section */
		DEDF4EFB25CE8EA7007ED035 /* Project object */ = {
			isa = PBXProject;
			attributes = {
				LastSwiftUpdateCheck = 1230;
				LastUpgradeCheck = 1230;
				TargetAttributes = {
					DEDF4F0225CE8EA7007ED035 = {
						CreatedOnToolsVersion = 12.3;
					};
				};
			};
			buildConfigurationList = DEDF4EFE25CE8EA7007ED035 /* Build configuration list for PBXProject "TravelBook" */;
			compatibilityVersion = "Xcode 9.3";
			developmentRegion = en;
			hasScannedForEncodings = 0;
			knownRegions = (
				en,
				Base,
			);
			mainGroup = DEDF4EFA25CE8EA7007ED035;
			productRefGroup = DEDF4F0425CE8EA7007ED035 /* Products */;
			projectDirPath = "";
			projectRoot = "";
			targets = (
				DEDF4F0225CE8EA7007ED035 /* TravelBook */,
			);
		};
/* End PBXProject section */

/* Begin PBXResourcesBuildPhase section */
		DEDF4F0125CE8EA7007ED035 /* Resources */ = {
			isa = PBXResourcesBuildPhase;
			buildActionMask = 2147483647;
			files = (
				DEDF4F1625CE8EA9007ED035 /* LaunchScreen.storyboard in Resources */,
				DEDF4F1325CE8EA9007ED035 /* Assets.xcassets in Resources */,
				DEDF4F0E25CE8EA7007ED035 /* Main.storyboard in Resources */,
			);
			runOnlyForDeploymentPostprocessing = 0;
		};
/* End PBXResourcesBuildPhase section */

/* Begin PBXSourcesBuildPhase section */
		DEDF4EFF25CE8EA7007ED035 /* Sources */ = {
			isa = PBXSourcesBuildPhase;
			buildActionMask = 2147483647;
			files = (
				DEDF4F1125CE8EA7007ED035 /* TravelBook.xcdatamodeld in Sources */,
				DEDF4F0B25CE8EA7007ED035 /* ViewController.swift in Sources */,
				DEDF4F0725CE8EA7007ED035 /* AppDelegate.swift in Sources */,
				DEDF4F1F25CE9E3E007ED035 /* ListViewController.swift in Sources */,
				DEDF4F0925CE8EA7007ED035 /* SceneDelegate.swift in Sources */,
			);
			runOnlyForDeploymentPostprocessing = 0;
		};
/* End PBXSourcesBuildPhase section */

/* Begin PBXVariantGroup section */
		DEDF4F0C25CE8EA7007ED035 /* Main.storyboard */ = {
			isa = PBXVariantGroup;
			children = (
				DEDF4F0D25CE8EA7007ED035 /* Base */,
			);
			name = Main.storyboard;
			sourceTree = "<group>";
		};
		DEDF4F1425CE8EA9007ED035 /* LaunchScreen.storyboard */ = {
			isa = PBXVariantGroup;
			children = (
				DEDF4F1525CE8EA9007ED035 /* Base */,
			);
			name = LaunchScreen.storyboard;
			sourceTree = "<group>";
		};
/* End PBXVariantGroup section */

/* Begin XCBuildConfiguration section */
		DEDF4F1825CE8EA9007ED035 /* Debug */ = {
			isa = XCBuildConfiguration;
			buildSettings = {
				ALWAYS_SEARCH_USER_PATHS = NO;
				CLANG_ANALYZER_NONNULL = YES;
				CLANG_ANALYZER_NUMBER_OBJECT_CONVERSION = YES_AGGRESSIVE;
				CLANG_CXX_LANGUAGE_STANDARD = "gnu++14";
				CLANG_CXX_LIBRARY = "libc++";
				CLANG_ENABLE_MODULES = YES;
				CLANG_ENABLE_OBJC_ARC = YES;
				CLANG_ENABLE_OBJC_WEAK = YES;
				CLANG_WARN_BLOCK_CAPTURE_AUTORELEASING = YES;
				CLANG_WARN_BOOL_CONVERSION = YES;
				CLANG_WARN_COMMA = YES;
				CLANG_WARN_CONSTANT_CONVERSION = YES;
				CLANG_WARN_DEPRECATED_OBJC_IMPLEMENTATIONS = YES;
				CLANG_WARN_DIRECT_OBJC_ISA_USAGE = YES_ERROR;
				CLANG_WARN_DOCUMENTATION_COMMENTS = YES;
				CLANG_WARN_EMPTY_BODY = YES;
				CLANG_WARN_ENUM_CONVERSION = YES;
				CLANG_WARN_INFINITE_RECURSION = YES;
				CLANG_WARN_INT_CONVERSION = YES;
				CLANG_WARN_NON_LITERAL_NULL_CONVERSION = YES;
				CLANG_WARN_OBJC_IMPLICIT_RETAIN_SELF = YES;
				CLANG_WARN_OBJC_LITERAL_CONVERSION = YES;
				CLANG_WARN_OBJC_ROOT_CLASS = YES_ERROR;
				CLANG_WARN_QUOTED_INCLUDE_IN_FRAMEWORK_HEADER = YES;
				CLANG_WARN_RANGE_LOOP_ANALYSIS = YES;
				CLANG_WARN_STRICT_PROTOTYPES = YES;
				CLANG_WARN_SUSPICIOUS_MOVE = YES;
				CLANG_WARN_UNGUARDED_AVAILABILITY = YES_AGGRESSIVE;
				CLANG_WARN_UNREACHABLE_CODE = YES;
				CLANG_WARN__DUPLICATE_METHOD_MATCH = YES;
				COPY_PHASE_STRIP = NO;
				DEBUG_INFORMATION_FORMAT = dwarf;
				ENABLE_STRICT_OBJC_MSGSEND = YES;
				ENABLE_TESTABILITY = YES;
				GCC_C_LANGUAGE_STANDARD = gnu11;
				GCC_DYNAMIC_NO_PIC = NO;
				GCC_NO_COMMON_BLOCKS = YES;
				GCC_OPTIMIZATION_LEVEL = 0;
				GCC_PREPROCESSOR_DEFINITIONS = (
					"DEBUG=1",
					"$(inherited)",
				);
				GCC_WARN_64_TO_32_BIT_CONVERSION = YES;
				GCC_WARN_ABOUT_RETURN_TYPE = YES_ERROR;
				GCC_WARN_UNDECLARED_SELECTOR = YES;
				GCC_WARN_UNINITIALIZED_AUTOS = YES_AGGRESSIVE;
				GCC_WARN_UNUSED_FUNCTION = YES;
				GCC_WARN_UNUSED_VARIABLE = YES;
				IPHONEOS_DEPLOYMENT_TARGET = 14.3;
				MTL_ENABLE_DEBUG_INFO = INCLUDE_SOURCE;
				MTL_FAST_MATH = YES;
				ONLY_ACTIVE_ARCH = YES;
				SDKROOT = iphoneos;
				SWIFT_ACTIVE_COMPILATION_CONDITIONS = DEBUG;
				SWIFT_OPTIMIZATION_LEVEL = "-Onone";
			};
			name = Debug;
		};
		DEDF4F1925CE8EA9007ED035 /* Release */ = {
			isa = XCBuildConfiguration;
			buildSettings = {
				ALWAYS_SEARCH_USER_PATHS = NO;
				CLANG_ANALYZER_NONNULL = YES;
				CLANG_ANALYZER_NUMBER_OBJECT_CONVERSION = YES_AGGRESSIVE;
				CLANG_CXX_LANGUAGE_STANDARD = "gnu++14";
				CLANG_CXX_LIBRARY = "libc++";
				CLANG_ENABLE_MODULES = YES;
				CLANG_ENABLE_OBJC_ARC = YES;
				CLANG_ENABLE_OBJC_WEAK = YES;
				CLANG_WARN_BLOCK_CAPTURE_AUTORELEASING = YES;
				CLANG_WARN_BOOL_CONVERSION = YES;
				CLANG_WARN_COMMA = YES;
				CLANG_WARN_CONSTANT_CONVERSION = YES;
				CLANG_WARN_DEPRECATED_OBJC_IMPLEMENTATIONS = YES;
				CLANG_WARN_DIRECT_OBJC_ISA_USAGE = YES_ERROR;
				CLANG_WARN_DOCUMENTATION_COMMENTS = YES;
				CLANG_WARN_EMPTY_BODY = YES;
				CLANG_WARN_ENUM_CONVERSION = YES;
				CLANG_WARN_INFINITE_RECURSION = YES;
				CLANG_WARN_INT_CONVERSION = YES;
				CLANG_WARN_NON_LITERAL_NULL_CONVERSION = YES;
				CLANG_WARN_OBJC_IMPLICIT_RETAIN_SELF = YES;
				CLANG_WARN_OBJC_LITERAL_CONVERSION = YES;
				CLANG_WARN_OBJC_ROOT_CLASS = YES_ERROR;
				CLANG_WARN_QUOTED_INCLUDE_IN_FRAMEWORK_HEADER = YES;
				CLANG_WARN_RANGE_LOOP_ANALYSIS = YES;
				CLANG_WARN_STRICT_PROTOTYPES = YES;
				CLANG_WARN_SUSPICIOUS_MOVE = YES;
				CLANG_WARN_UNGUARDED_AVAILABILITY = YES_AGGRESSIVE;
				CLANG_WARN_UNREACHABLE_CODE = YES;
				CLANG_WARN__DUPLICATE_METHOD_MATCH = YES;
				COPY_PHASE_STRIP = NO;
				DEBUG_INFORMATION_FORMAT = "dwarf-with-dsym";
				ENABLE_NS_ASSERTIONS = NO;
				ENABLE_STRICT_OBJC_MSGSEND = YES;
				GCC_C_LANGUAGE_STANDARD = gnu11;
				GCC_NO_COMMON_BLOCKS = YES;
				GCC_WARN_64_TO_32_BIT_CONVERSION = YES;
				GCC_WARN_ABOUT_RETURN_TYPE = YES_ERROR;
				GCC_WARN_UNDECLARED_SELECTOR = YES;
				GCC_WARN_UNINITIALIZED_AUTOS = YES_AGGRESSIVE;
				GCC_WARN_UNUSED_FUNCTION = YES;
				GCC_WARN_UNUSED_VARIABLE = YES;
				IPHONEOS_DEPLOYMENT_TARGET = 14.3;
				MTL_ENABLE_DEBUG_INFO = NO;
				MTL_FAST_MATH = YES;
				SDKROOT = iphoneos;
				SWIFT_COMPILATION_MODE = wholemodule;
				SWIFT_OPTIMIZATION_LEVEL = "-O";
				VALIDATE_PRODUCT = YES;
			};
			name = Release;
		};
		DEDF4F1B25CE8EA9007ED035 /* Debug */ = {
			isa = XCBuildConfiguration;
			buildSettings = {
				ASSETCATALOG_COMPILER_APPICON_NAME = AppIcon;
				ASSETCATALOG_COMPILER_GLOBAL_ACCENT_COLOR_NAME = AccentColor;
				CODE_SIGN_STYLE = Automatic;
				DEVELOPMENT_TEAM = 7UTB6LU2LV;
				INFOPLIST_FILE = TravelBook/Info.plist;
				LD_RUNPATH_SEARCH_PATHS = (
					"$(inherited)",
					"@executable_path/Frameworks",
				);
				PRODUCT_BUNDLE_IDENTIFIER = com.calidustech.TravelBook;
				PRODUCT_NAME = "$(TARGET_NAME)";
				SWIFT_VERSION = 5.0;
				TARGETED_DEVICE_FAMILY = "1,2";
			};
			name = Debug;
		};
		DEDF4F1C25CE8EA9007ED035 /* Release */ = {
			isa = XCBuildConfiguration;
			buildSettings = {
				ASSETCATALOG_COMPILER_APPICON_NAME = AppIcon;
				ASSETCATALOG_COMPILER_GLOBAL_ACCENT_COLOR_NAME = AccentColor;
				CODE_SIGN_STYLE = Automatic;
				DEVELOPMENT_TEAM = 7UTB6LU2LV;
				INFOPLIST_FILE = TravelBook/Info.plist;
				LD_RUNPATH_SEARCH_PATHS = (
					"$(inherited)",
					"@executable_path/Frameworks",
				);
				PRODUCT_BUNDLE_IDENTIFIER = com.calidustech.TravelBook;
				PRODUCT_NAME = "$(TARGET_NAME)";
				SWIFT_VERSION = 5.0;
				TARGETED_DEVICE_FAMILY = "1,2";
			};
			name = Release;
		};
/* End XCBuildConfiguration section */

/* Begin XCConfigurationList section */
		DEDF4EFE25CE8EA7007ED035 /* Build configuration list for PBXProject "TravelBook" */ = {
			isa = XCConfigurationList;
			buildConfigurations = (
				DEDF4F1825CE8EA9007ED035 /* Debug */,
				DEDF4F1925CE8EA9007ED035 /* Release */,
			);
			defaultConfigurationIsVisible = 0;
			defaultConfigurationName = Release;
		};
		DEDF4F1A25CE8EA9007ED035 /* Build configuration list for PBXNativeTarget "TravelBook" */ = {
			isa = XCConfigurationList;
			buildConfigurations = (
				DEDF4F1B25CE8EA9007ED035 /* Debug */,
				DEDF4F1C25CE8EA9007ED035 /* Release */,
			);
			defaultConfigurationIsVisible = 0;
			defaultConfigurationName = Release;
		};
/* End XCConfigurationList section */

/* Begin XCVersionGroup section */
		DEDF4F0F25CE8EA7007ED035 /* TravelBook.xcdatamodeld */ = {
			isa = XCVersionGroup;
			children = (
				DEDF4F1025CE8EA7007ED035 /* TravelBook.xcdatamodel */,
			);
			currentVersion = DEDF4F1025CE8EA7007ED035 /* TravelBook.xcdatamodel */;
			path = TravelBook.xcdatamodeld;
			sourceTree = "<group>";
			versionGroupType = wrapper.xcdatamodel;
		};
/* End XCVersionGroup section */
	};
	rootObject = DEDF4EFB25CE8EA7007ED035 /* Project object */;
}
